// !$*UTF8*$!
{
	archiveVersion = 1;
	classes = {
	};
	objectVersion = 50;
	objects = {

/* Begin PBXBuildFile section */
		28C4FA0724AC3390003BAD9C /* AppDelegate.swift in Sources */ = {isa = PBXBuildFile; fileRef = 28C4FA0624AC3390003BAD9C /* AppDelegate.swift */; };
		28C4FA0924AC3390003BAD9C /* SceneDelegate.swift in Sources */ = {isa = PBXBuildFile; fileRef = 28C4FA0824AC3390003BAD9C /* SceneDelegate.swift */; };
		28C4FA0B24AC3390003BAD9C /* ViewController.swift in Sources */ = {isa = PBXBuildFile; fileRef = 28C4FA0A24AC3390003BAD9C /* ViewController.swift */; };
		28C4FA0E24AC3390003BAD9C /* Main.storyboard in Resources */ = {isa = PBXBuildFile; fileRef = 28C4FA0C24AC3390003BAD9C /* Main.storyboard */; };
		28C4FA1024AC3391003BAD9C /* Assets.xcassets in Resources */ = {isa = PBXBuildFile; fileRef = 28C4FA0F24AC3391003BAD9C /* Assets.xcassets */; };
		28C4FA1324AC3391003BAD9C /* LaunchScreen.storyboard in Resources */ = {isa = PBXBuildFile; fileRef = 28C4FA1124AC3391003BAD9C /* LaunchScreen.storyboard */; };
/* End PBXBuildFile section */

/* Begin PBXFileReference section */
		28C4FA0324AC3390003BAD9C /* swift_multi_threading.app */ = {isa = PBXFileReference; explicitFileType = wrapper.application; includeInIndex = 0; path = swift_multi_threading.app; sourceTree = BUILT_PRODUCTS_DIR; };
		28C4FA0624AC3390003BAD9C /* AppDelegate.swift */ = {isa = PBXFileReference; lastKnownFileType = sourcecode.swift; path = AppDelegate.swift; sourceTree = "<group>"; };
		28C4FA0824AC3390003BAD9C /* SceneDelegate.swift */ = {isa = PBXFileReference; lastKnownFileType = sourcecode.swift; path = SceneDelegate.swift; sourceTree = "<group>"; };
		28C4FA0A24AC3390003BAD9C /* ViewController.swift */ = {isa = PBXFileReference; lastKnownFileType = sourcecode.swift; path = ViewController.swift; sourceTree = "<group>"; };
		28C4FA0D24AC3390003BAD9C /* Base */ = {isa = PBXFileReference; lastKnownFileType = file.storyboard; name = Base; path = Base.lproj/Main.storyboard; sourceTree = "<group>"; };
		28C4FA0F24AC3391003BAD9C /* Assets.xcassets */ = {isa = PBXFileReference; lastKnownFileType = folder.assetcatalog; path = Assets.xcassets; sourceTree = "<group>"; };
		28C4FA1224AC3391003BAD9C /* Base */ = {isa = PBXFileReference; lastKnownFileType = file.storyboard; name = Base; path = Base.lproj/LaunchScreen.storyboard; sourceTree = "<group>"; };
		28C4FA1424AC3391003BAD9C /* Info.plist */ = {isa = PBXFileReference; lastKnownFileType = text.plist.xml; path = Info.plist; sourceTree = "<group>"; };
/* End PBXFileReference section */

/* Begin PBXFrameworksBuildPhase section */
		28C4FA0024AC3390003BAD9C /* Frameworks */ = {
			isa = PBXFrameworksBuildPhase;
			buildActionMask = 2147483647;
			files = (
			);
			runOnlyForDeploymentPostprocessing = 0;
		};
/* End PBXFrameworksBuildPhase section */

/* Begin PBXGroup section */
		28C4F9FA24AC3390003BAD9C = {
			isa = PBXGroup;
			children = (
				28C4FA0524AC3390003BAD9C /* swift_multi_threading */,
				28C4FA0424AC3390003BAD9C /* Products */,
			);
			sourceTree = "<group>";
		};
		28C4FA0424AC3390003BAD9C /* Products */ = {
			isa = PBXGroup;
			children = (
				28C4FA0324AC3390003BAD9C /* swift_multi_threading.app */,
			);
			name = Products;
			sourceTree = "<group>";
		};
		28C4FA0524AC3390003BAD9C /* swift_multi_threading */ = {
			isa = PBXGroup;
			children = (
				28C4FA0624AC3390003BAD9C /* AppDelegate.swift */,
				28C4FA0824AC3390003BAD9C /* SceneDelegate.swift */,
				28C4FA0A24AC3390003BAD9C /* ViewController.swift */,
				28C4FA0C24AC3390003BAD9C /* Main.storyboard */,
				28C4FA0F24AC3391003BAD9C /* Assets.xcassets */,
				28C4FA1124AC3391003BAD9C /* LaunchScreen.storyboard */,
				28C4FA1424AC3391003BAD9C /* Info.plist */,
			);
			path = swift_multi_threading;
			sourceTree = "<group>";
		};
/* End PBXGroup section */

/* Begin PBXNativeTarget section */
		28C4FA0224AC3390003BAD9C /* swift_multi_threading */ = {
			isa = PBXNativeTarget;
			buildConfigurationList = 28C4FA1724AC3391003BAD9C /* Build configuration list for PBXNativeTarget "swift_multi_threading" */;
			buildPhases = (
				28C4F9FF24AC3390003BAD9C /* Sources */,
				28C4FA0024AC3390003BAD9C /* Frameworks */,
				28C4FA0124AC3390003BAD9C /* Resources */,
			);
			buildRules = (
			);
			dependencies = (
			);
			name = swift_multi_threading;
			productName = swift_multi_threading;
			productReference = 28C4FA0324AC3390003BAD9C /* swift_multi_threading.app */;
			productType = "com.apple.product-type.application";
		};
/* End PBXNativeTarget section */

/* Begin PBXProject section */
		28C4F9FB24AC3390003BAD9C /* Project object */ = {
			isa = PBXProject;
			attributes = {
				LastSwiftUpdateCheck = 1150;
				LastUpgradeCheck = 1150;
				ORGANIZATIONNAME = "shin seunghyun";
				TargetAttributes = {
					28C4FA0224AC3390003BAD9C = {
						CreatedOnToolsVersion = 11.5;
					};
				};
			};
			buildConfigurationList = 28C4F9FE24AC3390003BAD9C /* Build configuration list for PBXProject "swift_multi_threading" */;
			compatibilityVersion = "Xcode 9.3";
			developmentRegion = en;
			hasScannedForEncodings = 0;
			knownRegions = (
				en,
				Base,
			);
			mainGroup = 28C4F9FA24AC3390003BAD9C;
			productRefGroup = 28C4FA0424AC3390003BAD9C /* Products */;
			projectDirPath = "";
			projectRoot = "";
			targets = (
				28C4FA0224AC3390003BAD9C /* swift_multi_threading */,
			);
		};
/* End PBXProject section */

/* Begin PBXResourcesBuildPhase section */
		28C4FA0124AC3390003BAD9C /* Resources */ = {
			isa = PBXResourcesBuildPhase;
			buildActionMask = 2147483647;
			files = (
				28C4FA1324AC3391003BAD9C /* LaunchScreen.storyboard in Resources */,
				28C4FA1024AC3391003BAD9C /* Assets.xcassets in Resources */,
				28C4FA0E24AC3390003BAD9C /* Main.storyboard in Resources */,
			);
			runOnlyForDeploymentPostprocessing = 0;
		};
/* End PBXResourcesBuildPhase section */

/* Begin PBXSourcesBuildPhase section */
		28C4F9FF24AC3390003BAD9C /* Sources */ = {
			isa = PBXSourcesBuildPhase;
			buildActionMask = 2147483647;
			files = (
				28C4FA0B24AC3390003BAD9C /* ViewController.swift in Sources */,
				28C4FA0724AC3390003BAD9C /* AppDelegate.swift in Sources */,
				28C4FA0924AC3390003BAD9C /* SceneDelegate.swift in Sources */,
			);
			runOnlyForDeploymentPostprocessing = 0;
		};
/* End PBXSourcesBuildPhase section */

/* Begin PBXVariantGroup section */
		28C4FA0C24AC3390003BAD9C /* Main.storyboard */ = {
			isa = PBXVariantGroup;
			children = (
				28C4FA0D24AC3390003BAD9C /* Base */,
			);
			name = Main.storyboard;
			sourceTree = "<group>";
		};
		28C4FA1124AC3391003BAD9C /* LaunchScreen.storyboard */ = {
			isa = PBXVariantGroup;
			children = (
				28C4FA1224AC3391003BAD9C /* Base */,
			);
			name = LaunchScreen.storyboard;
			sourceTree = "<group>";
		};
/* End PBXVariantGroup section */

/* Begin XCBuildConfiguration section */
		28C4FA1524AC3391003BAD9C /* Debug */ = {
			isa = XCBuildConfiguration;
			buildSettings = {
				ALWAYS_SEARCH_USER_PATHS = NO;
				CLANG_ANALYZER_NONNULL = YES;
				CLANG_ANALYZER_NUMBER_OBJECT_CONVERSION = YES_AGGRESSIVE;
				CLANG_CXX_LANGUAGE_STANDARD = "gnu++14";
				CLANG_CXX_LIBRARY = "libc++";
				CLANG_ENABLE_MODULES = YES;
				CLANG_ENABLE_OBJC_ARC = YES;
				CLANG_ENABLE_OBJC_WEAK = YES;
				CLANG_WARN_BLOCK_CAPTURE_AUTORELEASING = YES;
				CLANG_WARN_BOOL_CONVERSION = YES;
				CLANG_WARN_COMMA = YES;
				CLANG_WARN_CONSTANT_CONVERSION = YES;
				CLANG_WARN_DEPRECATED_OBJC_IMPLEMENTATIONS = YES;
				CLANG_WARN_DIRECT_OBJC_ISA_USAGE = YES_ERROR;
				CLANG_WARN_DOCUMENTATION_COMMENTS = YES;
				CLANG_WARN_EMPTY_BODY = YES;
				CLANG_WARN_ENUM_CONVERSION = YES;
				CLANG_WARN_INFINITE_RECURSION = YES;
				CLANG_WARN_INT_CONVERSION = YES;
				CLANG_WARN_NON_LITERAL_NULL_CONVERSION = YES;
				CLANG_WARN_OBJC_IMPLICIT_RETAIN_SELF = YES;
				CLANG_WARN_OBJC_LITERAL_CONVERSION = YES;
				CLANG_WARN_OBJC_ROOT_CLASS = YES_ERROR;
				CLANG_WARN_RANGE_LOOP_ANALYSIS = YES;
				CLANG_WARN_STRICT_PROTOTYPES = YES;
				CLANG_WARN_SUSPICIOUS_MOVE = YES;
				CLANG_WARN_UNGUARDED_AVAILABILITY = YES_AGGRESSIVE;
				CLANG_WARN_UNREACHABLE_CODE = YES;
				CLANG_WARN__DUPLICATE_METHOD_MATCH = YES;
				COPY_PHASE_STRIP = NO;
				DEBUG_INFORMATION_FORMAT = dwarf;
				ENABLE_STRICT_OBJC_MSGSEND = YES;
				ENABLE_TESTABILITY = YES;
				GCC_C_LANGUAGE_STANDARD = gnu11;
				GCC_DYNAMIC_NO_PIC = NO;
				GCC_NO_COMMON_BLOCKS = YES;
				GCC_OPTIMIZATION_LEVEL = 0;
				GCC_PREPROCESSOR_DEFINITIONS = (
					"DEBUG=1",
					"$(inherited)",
				);
				GCC_WARN_64_TO_32_BIT_CONVERSION = YES;
				GCC_WARN_ABOUT_RETURN_TYPE = YES_ERROR;
				GCC_WARN_UNDECLARED_SELECTOR = YES;
				GCC_WARN_UNINITIALIZED_AUTOS = YES_AGGRESSIVE;
				GCC_WARN_UNUSED_FUNCTION = YES;
				GCC_WARN_UNUSED_VARIABLE = YES;
				IPHONEOS_DEPLOYMENT_TARGET = 13.5;
				MTL_ENABLE_DEBUG_INFO = INCLUDE_SOURCE;
				MTL_FAST_MATH = YES;
				ONLY_ACTIVE_ARCH = YES;
				SDKROOT = iphoneos;
				SWIFT_ACTIVE_COMPILATION_CONDITIONS = DEBUG;
				SWIFT_OPTIMIZATION_LEVEL = "-Onone";
			};
			name = Debug;
		};
		28C4FA1624AC3391003BAD9C /* Release */ = {
			isa = XCBuildConfiguration;
			buildSettings = {
				ALWAYS_SEARCH_USER_PATHS = NO;
				CLANG_ANALYZER_NONNULL = YES;
				CLANG_ANALYZER_NUMBER_OBJECT_CONVERSION = YES_AGGRESSIVE;
				CLANG_CXX_LANGUAGE_STANDARD = "gnu++14";
				CLANG_CXX_LIBRARY = "libc++";
				CLANG_ENABLE_MODULES = YES;
				CLANG_ENABLE_OBJC_ARC = YES;
				CLANG_ENABLE_OBJC_WEAK = YES;
				CLANG_WARN_BLOCK_CAPTURE_AUTORELEASING = YES;
				CLANG_WARN_BOOL_CONVERSION = YES;
				CLANG_WARN_COMMA = YES;
				CLANG_WARN_CONSTANT_CONVERSION = YES;
				CLANG_WARN_DEPRECATED_OBJC_IMPLEMENTATIONS = YES;
				CLANG_WARN_DIRECT_OBJC_ISA_USAGE = YES_ERROR;
				CLANG_WARN_DOCUMENTATION_COMMENTS = YES;
				CLANG_WARN_EMPTY_BODY = YES;
				CLANG_WARN_ENUM_CONVERSION = YES;
				CLANG_WARN_INFINITE_RECURSION = YES;
				CLANG_WARN_INT_CONVERSION = YES;
				CLANG_WARN_NON_LITERAL_NULL_CONVERSION = YES;
				CLANG_WARN_OBJC_IMPLICIT_RETAIN_SELF = YES;
				CLANG_WARN_OBJC_LITERAL_CONVERSION = YES;
				CLANG_WARN_OBJC_ROOT_CLASS = YES_ERROR;
				CLANG_WARN_RANGE_LOOP_ANALYSIS = YES;
				CLANG_WARN_STRICT_PROTOTYPES = YES;
				CLANG_WARN_SUSPICIOUS_MOVE = YES;
				CLANG_WARN_UNGUARDED_AVAILABILITY = YES_AGGRESSIVE;
				CLANG_WARN_UNREACHABLE_CODE = YES;
				CLANG_WARN__DUPLICATE_METHOD_MATCH = YES;
				COPY_PHASE_STRIP = NO;
				DEBUG_INFORMATION_FORMAT = "dwarf-with-dsym";
				ENABLE_NS_ASSERTIONS = NO;
				ENABLE_STRICT_OBJC_MSGSEND = YES;
				GCC_C_LANGUAGE_STANDARD = gnu11;
				GCC_NO_COMMON_BLOCKS = YES;
				GCC_WARN_64_TO_32_BIT_CONVERSION = YES;
				GCC_WARN_ABOUT_RETURN_TYPE = YES_ERROR;
				GCC_WARN_UNDECLARED_SELECTOR = YES;
				GCC_WARN_UNINITIALIZED_AUTOS = YES_AGGRESSIVE;
				GCC_WARN_UNUSED_FUNCTION = YES;
				GCC_WARN_UNUSED_VARIABLE = YES;
				IPHONEOS_DEPLOYMENT_TARGET = 13.5;
				MTL_ENABLE_DEBUG_INFO = NO;
				MTL_FAST_MATH = YES;
				SDKROOT = iphoneos;
				SWIFT_COMPILATION_MODE = wholemodule;
				SWIFT_OPTIMIZATION_LEVEL = "-O";
				VALIDATE_PRODUCT = YES;
			};
			name = Release;
		};
		28C4FA1824AC3391003BAD9C /* Debug */ = {
			isa = XCBuildConfiguration;
			buildSettings = {
				ASSETCATALOG_COMPILER_APPICON_NAME = AppIcon;
				CODE_SIGN_STYLE = Automatic;
				DEVELOPMENT_TEAM = 35W7TZ9DUM;
				INFOPLIST_FILE = swift_multi_threading/Info.plist;
				LD_RUNPATH_SEARCH_PATHS = (
					"$(inherited)",
					"@executable_path/Frameworks",
				);
				PRODUCT_BUNDLE_IDENTIFIER = "com.paige.swift-multi-threading";
				PRODUCT_NAME = "$(TARGET_NAME)";
				SWIFT_VERSION = 5.0;
				TARGETED_DEVICE_FAMILY = "1,2";
			};
			name = Debug;
		};
		28C4FA1924AC3391003BAD9C /* Release */ = {
			isa = XCBuildConfiguration;
			buildSettings = {
				ASSETCATALOG_COMPILER_APPICON_NAME = AppIcon;
				CODE_SIGN_STYLE = Automatic;
				DEVELOPMENT_TEAM = 35W7TZ9DUM;
				INFOPLIST_FILE = swift_multi_threading/Info.plist;
				LD_RUNPATH_SEARCH_PATHS = (
					"$(inherited)",
					"@executable_path/Frameworks",
				);
				PRODUCT_BUNDLE_IDENTIFIER = "com.paige.swift-multi-threading";
				PRODUCT_NAME = "$(TARGET_NAME)";
				SWIFT_VERSION = 5.0;
				TARGETED_DEVICE_FAMILY = "1,2";
			};
			name = Release;
		};
/* End XCBuildConfiguration section */

/* Begin XCConfigurationList section */
		28C4F9FE24AC3390003BAD9C /* Build configuration list for PBXProject "swift_multi_threading" */ = {
			isa = XCConfigurationList;
			buildConfigurations = (
				28C4FA1524AC3391003BAD9C /* Debug */,
				28C4FA1624AC3391003BAD9C /* Release */,
			);
			defaultConfigurationIsVisible = 0;
			defaultConfigurationName = Release;
		};
		28C4FA1724AC3391003BAD9C /* Build configuration list for PBXNativeTarget "swift_multi_threading" */ = {
			isa = XCConfigurationList;
			buildConfigurations = (
				28C4FA1824AC3391003BAD9C /* Debug */,
				28C4FA1924AC3391003BAD9C /* Release */,
			);
			defaultConfigurationIsVisible = 0;
			defaultConfigurationName = Release;
		};
/* End XCConfigurationList section */
	};
	rootObject = 28C4F9FB24AC3390003BAD9C /* Project object */;
}
